
Microsoft Visual Studio Solution File, Format Version 12.00
# Visual Studio 14
VisualStudioVersion = 14.0.25420.1
MinimumVisualStudioVersion = 10.0.40219.1
Project("{FAE04EC0-301F-11D3-BF4B-00C04F79EFBC}") = "RegexUtilities", "Utils\RegexUtilities.csproj", "{99DCC502-2DFE-4CC6-A793-4EF17DA140EC}"
EndProject
Project("{FAE04EC0-301F-11D3-BF4B-00C04F79EFBC}") = "RegexUtilities.Test", "RegexUtilities.Test\RegexUtilities.Test.csproj", "{270858CC-E91B-42F0-A307-C6E3835E42BD}"
EndProject
Global
	GlobalSection(SolutionConfigurationPlatforms) = preSolution
		Debug|Any CPU = Debug|Any CPU
		Release|Any CPU = Release|Any CPU
	EndGlobalSection
	GlobalSection(ProjectConfigurationPlatforms) = postSolution
		{99DCC502-2DFE-4CC6-A793-4EF17DA140EC}.Debug|Any CPU.ActiveCfg = Debug|Any CPU
		{99DCC502-2DFE-4CC6-A793-4EF17DA140EC}.Debug|Any CPU.Build.0 = Debug|Any CPU
		{99DCC502-2DFE-4CC6-A793-4EF17DA140EC}.Release|Any CPU.ActiveCfg = Release|Any CPU
		{99DCC502-2DFE-4CC6-A793-4EF17DA140EC}.Release|Any CPU.Build.0 = Release|Any CPU
		{270858CC-E91B-42F0-A307-C6E3835E42BD}.Debug|Any CPU.ActiveCfg = Debug|Any CPU
		{270858CC-E91B-42F0-A307-C6E3835E42BD}.Debug|Any CPU.Build.0 = Debug|Any CPU
		{270858CC-E91B-42F0-A307-C6E3835E42BD}.Release|Any CPU.ActiveCfg = Release|Any CPU
		{270858CC-E91B-42F0-A307-C6E3835E42BD}.Release|Any CPU.Build.0 = Release|Any CPU
	EndGlobalSection
	GlobalSection(SolutionProperties) = preSolution
		HideSolutionNode = FALSE
	EndGlobalSection
EndGlobal
